// !$*UTF8*$!
{
	archiveVersion = 1;
	classes = {
	};
	objectVersion = 50;
	objects = {

/* Begin PBXBuildFile section */
		062B32282459EAFE00330FC6 /* AppDelegate.swift in Sources */ = {isa = PBXBuildFile; fileRef = 062B32272459EAFE00330FC6 /* AppDelegate.swift */; };
		062B322A2459EAFE00330FC6 /* SceneDelegate.swift in Sources */ = {isa = PBXBuildFile; fileRef = 062B32292459EAFE00330FC6 /* SceneDelegate.swift */; };
		062B322C2459EAFE00330FC6 /* ViewController.swift in Sources */ = {isa = PBXBuildFile; fileRef = 062B322B2459EAFE00330FC6 /* ViewController.swift */; };
		062B322F2459EAFE00330FC6 /* Main.storyboard in Resources */ = {isa = PBXBuildFile; fileRef = 062B322D2459EAFE00330FC6 /* Main.storyboard */; };
		062B32312459EAFF00330FC6 /* Assets.xcassets in Resources */ = {isa = PBXBuildFile; fileRef = 062B32302459EAFF00330FC6 /* Assets.xcassets */; };
		062B32342459EAFF00330FC6 /* LaunchScreen.storyboard in Resources */ = {isa = PBXBuildFile; fileRef = 062B32322459EAFF00330FC6 /* LaunchScreen.storyboard */; };
		062B323F2459EAFF00330FC6 /* ToDoAppTests.swift in Sources */ = {isa = PBXBuildFile; fileRef = 062B323E2459EAFF00330FC6 /* ToDoAppTests.swift */; };
		062B324A2459EAFF00330FC6 /* ToDoAppUITests.swift in Sources */ = {isa = PBXBuildFile; fileRef = 062B32492459EAFF00330FC6 /* ToDoAppUITests.swift */; };
/* End PBXBuildFile section */

/* Begin PBXContainerItemProxy section */
		062B323B2459EAFF00330FC6 /* PBXContainerItemProxy */ = {
			isa = PBXContainerItemProxy;
			containerPortal = 062B321C2459EAFE00330FC6 /* Project object */;
			proxyType = 1;
			remoteGlobalIDString = 062B32232459EAFE00330FC6;
			remoteInfo = ToDoApp;
		};
		062B32462459EAFF00330FC6 /* PBXContainerItemProxy */ = {
			isa = PBXContainerItemProxy;
			containerPortal = 062B321C2459EAFE00330FC6 /* Project object */;
			proxyType = 1;
			remoteGlobalIDString = 062B32232459EAFE00330FC6;
			remoteInfo = ToDoApp;
		};
/* End PBXContainerItemProxy section */

/* Begin PBXFileReference section */
		062B32242459EAFE00330FC6 /* ToDoApp.app */ = {isa = PBXFileReference; explicitFileType = wrapper.application; includeInIndex = 0; path = ToDoApp.app; sourceTree = BUILT_PRODUCTS_DIR; };
		062B32272459EAFE00330FC6 /* AppDelegate.swift */ = {isa = PBXFileReference; lastKnownFileType = sourcecode.swift; path = AppDelegate.swift; sourceTree = "<group>"; };
		062B32292459EAFE00330FC6 /* SceneDelegate.swift */ = {isa = PBXFileReference; lastKnownFileType = sourcecode.swift; path = SceneDelegate.swift; sourceTree = "<group>"; };
		062B322B2459EAFE00330FC6 /* ViewController.swift */ = {isa = PBXFileReference; lastKnownFileType = sourcecode.swift; path = ViewController.swift; sourceTree = "<group>"; };
		062B322E2459EAFE00330FC6 /* Base */ = {isa = PBXFileReference; lastKnownFileType = file.storyboard; name = Base; path = Base.lproj/Main.storyboard; sourceTree = "<group>"; };
		062B32302459EAFF00330FC6 /* Assets.xcassets */ = {isa = PBXFileReference; lastKnownFileType = folder.assetcatalog; path = Assets.xcassets; sourceTree = "<group>"; };
		062B32332459EAFF00330FC6 /* Base */ = {isa = PBXFileReference; lastKnownFileType = file.storyboard; name = Base; path = Base.lproj/LaunchScreen.storyboard; sourceTree = "<group>"; };
		062B32352459EAFF00330FC6 /* Info.plist */ = {isa = PBXFileReference; lastKnownFileType = text.plist.xml; path = Info.plist; sourceTree = "<group>"; };
		062B323A2459EAFF00330FC6 /* ToDoAppTests.xctest */ = {isa = PBXFileReference; explicitFileType = wrapper.cfbundle; includeInIndex = 0; path = ToDoAppTests.xctest; sourceTree = BUILT_PRODUCTS_DIR; };
		062B323E2459EAFF00330FC6 /* ToDoAppTests.swift */ = {isa = PBXFileReference; lastKnownFileType = sourcecode.swift; path = ToDoAppTests.swift; sourceTree = "<group>"; };
		062B32402459EAFF00330FC6 /* Info.plist */ = {isa = PBXFileReference; lastKnownFileType = text.plist.xml; path = Info.plist; sourceTree = "<group>"; };
		062B32452459EAFF00330FC6 /* ToDoAppUITests.xctest */ = {isa = PBXFileReference; explicitFileType = wrapper.cfbundle; includeInIndex = 0; path = ToDoAppUITests.xctest; sourceTree = BUILT_PRODUCTS_DIR; };
		062B32492459EAFF00330FC6 /* ToDoAppUITests.swift */ = {isa = PBXFileReference; lastKnownFileType = sourcecode.swift; path = ToDoAppUITests.swift; sourceTree = "<group>"; };
		062B324B2459EAFF00330FC6 /* Info.plist */ = {isa = PBXFileReference; lastKnownFileType = text.plist.xml; path = Info.plist; sourceTree = "<group>"; };
/* End PBXFileReference section */

/* Begin PBXFrameworksBuildPhase section */
		062B32212459EAFE00330FC6 /* Frameworks */ = {
			isa = PBXFrameworksBuildPhase;
			buildActionMask = 2147483647;
			files = (
			);
			runOnlyForDeploymentPostprocessing = 0;
		};
		062B32372459EAFF00330FC6 /* Frameworks */ = {
			isa = PBXFrameworksBuildPhase;
			buildActionMask = 2147483647;
			files = (
			);
			runOnlyForDeploymentPostprocessing = 0;
		};
		062B32422459EAFF00330FC6 /* Frameworks */ = {
			isa = PBXFrameworksBuildPhase;
			buildActionMask = 2147483647;
			files = (
			);
			runOnlyForDeploymentPostprocessing = 0;
		};
/* End PBXFrameworksBuildPhase section */

/* Begin PBXGroup section */
		062B321B2459EAFE00330FC6 = {
			isa = PBXGroup;
			children = (
				062B32262459EAFE00330FC6 /* ToDoApp */,
				062B323D2459EAFF00330FC6 /* ToDoAppTests */,
				062B32482459EAFF00330FC6 /* ToDoAppUITests */,
				062B32252459EAFE00330FC6 /* Products */,
			);
			sourceTree = "<group>";
		};
		062B32252459EAFE00330FC6 /* Products */ = {
			isa = PBXGroup;
			children = (
				062B32242459EAFE00330FC6 /* ToDoApp.app */,
				062B323A2459EAFF00330FC6 /* ToDoAppTests.xctest */,
				062B32452459EAFF00330FC6 /* ToDoAppUITests.xctest */,
			);
			name = Products;
			sourceTree = "<group>";
		};
		062B32262459EAFE00330FC6 /* ToDoApp */ = {
			isa = PBXGroup;
			children = (
				062B32272459EAFE00330FC6 /* AppDelegate.swift */,
				062B32292459EAFE00330FC6 /* SceneDelegate.swift */,
				062B322B2459EAFE00330FC6 /* ViewController.swift */,
				062B322D2459EAFE00330FC6 /* Main.storyboard */,
				062B32302459EAFF00330FC6 /* Assets.xcassets */,
				062B32322459EAFF00330FC6 /* LaunchScreen.storyboard */,
				062B32352459EAFF00330FC6 /* Info.plist */,
			);
			path = ToDoApp;
			sourceTree = "<group>";
		};
		062B323D2459EAFF00330FC6 /* ToDoAppTests */ = {
			isa = PBXGroup;
			children = (
				062B323E2459EAFF00330FC6 /* ToDoAppTests.swift */,
				062B32402459EAFF00330FC6 /* Info.plist */,
			);
			path = ToDoAppTests;
			sourceTree = "<group>";
		};
		062B32482459EAFF00330FC6 /* ToDoAppUITests */ = {
			isa = PBXGroup;
			children = (
				062B32492459EAFF00330FC6 /* ToDoAppUITests.swift */,
				062B324B2459EAFF00330FC6 /* Info.plist */,
			);
			path = ToDoAppUITests;
			sourceTree = "<group>";
		};
/* End PBXGroup section */

/* Begin PBXNativeTarget section */
		062B32232459EAFE00330FC6 /* ToDoApp */ = {
			isa = PBXNativeTarget;
			buildConfigurationList = 062B324E2459EAFF00330FC6 /* Build configuration list for PBXNativeTarget "ToDoApp" */;
			buildPhases = (
				062B32202459EAFE00330FC6 /* Sources */,
				062B32212459EAFE00330FC6 /* Frameworks */,
				062B32222459EAFE00330FC6 /* Resources */,
			);
			buildRules = (
			);
			dependencies = (
			);
			name = ToDoApp;
			productName = ToDoApp;
			productReference = 062B32242459EAFE00330FC6 /* ToDoApp.app */;
			productType = "com.apple.product-type.application";
		};
		062B32392459EAFF00330FC6 /* ToDoAppTests */ = {
			isa = PBXNativeTarget;
			buildConfigurationList = 062B32512459EAFF00330FC6 /* Build configuration list for PBXNativeTarget "ToDoAppTests" */;
			buildPhases = (
				062B32362459EAFF00330FC6 /* Sources */,
				062B32372459EAFF00330FC6 /* Frameworks */,
				062B32382459EAFF00330FC6 /* Resources */,
			);
			buildRules = (
			);
			dependencies = (
				062B323C2459EAFF00330FC6 /* PBXTargetDependency */,
			);
			name = ToDoAppTests;
			productName = ToDoAppTests;
			productReference = 062B323A2459EAFF00330FC6 /* ToDoAppTests.xctest */;
			productType = "com.apple.product-type.bundle.unit-test";
		};
		062B32442459EAFF00330FC6 /* ToDoAppUITests */ = {
			isa = PBXNativeTarget;
			buildConfigurationList = 062B32542459EAFF00330FC6 /* Build configuration list for PBXNativeTarget "ToDoAppUITests" */;
			buildPhases = (
				062B32412459EAFF00330FC6 /* Sources */,
				062B32422459EAFF00330FC6 /* Frameworks */,
				062B32432459EAFF00330FC6 /* Resources */,
			);
			buildRules = (
			);
			dependencies = (
				062B32472459EAFF00330FC6 /* PBXTargetDependency */,
			);
			name = ToDoAppUITests;
			productName = ToDoAppUITests;
			productReference = 062B32452459EAFF00330FC6 /* ToDoAppUITests.xctest */;
			productType = "com.apple.product-type.bundle.ui-testing";
		};
/* End PBXNativeTarget section */

/* Begin PBXProject section */
		062B321C2459EAFE00330FC6 /* Project object */ = {
			isa = PBXProject;
			attributes = {
				LastSwiftUpdateCheck = 1140;
				LastUpgradeCheck = 1140;
				ORGANIZATIONNAME = "Serhii Demianenko";
				TargetAttributes = {
					062B32232459EAFE00330FC6 = {
						CreatedOnToolsVersion = 11.4.1;
					};
					062B32392459EAFF00330FC6 = {
						CreatedOnToolsVersion = 11.4.1;
						TestTargetID = 062B32232459EAFE00330FC6;
					};
					062B32442459EAFF00330FC6 = {
						CreatedOnToolsVersion = 11.4.1;
						TestTargetID = 062B32232459EAFE00330FC6;
					};
				};
			};
			buildConfigurationList = 062B321F2459EAFE00330FC6 /* Build configuration list for PBXProject "ToDoApp" */;
			compatibilityVersion = "Xcode 9.3";
			developmentRegion = en;
			hasScannedForEncodings = 0;
			knownRegions = (
				en,
				Base,
			);
			mainGroup = 062B321B2459EAFE00330FC6;
			productRefGroup = 062B32252459EAFE00330FC6 /* Products */;
			projectDirPath = "";
			projectRoot = "";
			targets = (
				062B32232459EAFE00330FC6 /* ToDoApp */,
				062B32392459EAFF00330FC6 /* ToDoAppTests */,
				062B32442459EAFF00330FC6 /* ToDoAppUITests */,
			);
		};
/* End PBXProject section */

/* Begin PBXResourcesBuildPhase section */
		062B32222459EAFE00330FC6 /* Resources */ = {
			isa = PBXResourcesBuildPhase;
			buildActionMask = 2147483647;
			files = (
				062B32342459EAFF00330FC6 /* LaunchScreen.storyboard in Resources */,
				062B32312459EAFF00330FC6 /* Assets.xcassets in Resources */,
				062B322F2459EAFE00330FC6 /* Main.storyboard in Resources */,
			);
			runOnlyForDeploymentPostprocessing = 0;
		};
		062B32382459EAFF00330FC6 /* Resources */ = {
			isa = PBXResourcesBuildPhase;
			buildActionMask = 2147483647;
			files = (
			);
			runOnlyForDeploymentPostprocessing = 0;
		};
		062B32432459EAFF00330FC6 /* Resources */ = {
			isa = PBXResourcesBuildPhase;
			buildActionMask = 2147483647;
			files = (
			);
			runOnlyForDeploymentPostprocessing = 0;
		};
/* End PBXResourcesBuildPhase section */

/* Begin PBXSourcesBuildPhase section */
		062B32202459EAFE00330FC6 /* Sources */ = {
			isa = PBXSourcesBuildPhase;
			buildActionMask = 2147483647;
			files = (
				062B322C2459EAFE00330FC6 /* ViewController.swift in Sources */,
				062B32282459EAFE00330FC6 /* AppDelegate.swift in Sources */,
				062B322A2459EAFE00330FC6 /* SceneDelegate.swift in Sources */,
			);
			runOnlyForDeploymentPostprocessing = 0;
		};
		062B32362459EAFF00330FC6 /* Sources */ = {
			isa = PBXSourcesBuildPhase;
			buildActionMask = 2147483647;
			files = (
				062B323F2459EAFF00330FC6 /* ToDoAppTests.swift in Sources */,
			);
			runOnlyForDeploymentPostprocessing = 0;
		};
		062B32412459EAFF00330FC6 /* Sources */ = {
			isa = PBXSourcesBuildPhase;
			buildActionMask = 2147483647;
			files = (
				062B324A2459EAFF00330FC6 /* ToDoAppUITests.swift in Sources */,
			);
			runOnlyForDeploymentPostprocessing = 0;
		};
/* End PBXSourcesBuildPhase section */

/* Begin PBXTargetDependency section */
		062B323C2459EAFF00330FC6 /* PBXTargetDependency */ = {
			isa = PBXTargetDependency;
			target = 062B32232459EAFE00330FC6 /* ToDoApp */;
			targetProxy = 062B323B2459EAFF00330FC6 /* PBXContainerItemProxy */;
		};
		062B32472459EAFF00330FC6 /* PBXTargetDependency */ = {
			isa = PBXTargetDependency;
			target = 062B32232459EAFE00330FC6 /* ToDoApp */;
			targetProxy = 062B32462459EAFF00330FC6 /* PBXContainerItemProxy */;
		};
/* End PBXTargetDependency section */

/* Begin PBXVariantGroup section */
		062B322D2459EAFE00330FC6 /* Main.storyboard */ = {
			isa = PBXVariantGroup;
			children = (
				062B322E2459EAFE00330FC6 /* Base */,
			);
			name = Main.storyboard;
			sourceTree = "<group>";
		};
		062B32322459EAFF00330FC6 /* LaunchScreen.storyboard */ = {
			isa = PBXVariantGroup;
			children = (
				062B32332459EAFF00330FC6 /* Base */,
			);
			name = LaunchScreen.storyboard;
			sourceTree = "<group>";
		};
/* End PBXVariantGroup section */

/* Begin XCBuildConfiguration section */
		062B324C2459EAFF00330FC6 /* Debug */ = {
			isa = XCBuildConfiguration;
			buildSettings = {
				ALWAYS_SEARCH_USER_PATHS = NO;
				CLANG_ANALYZER_NONNULL = YES;
				CLANG_ANALYZER_NUMBER_OBJECT_CONVERSION = YES_AGGRESSIVE;
				CLANG_CXX_LANGUAGE_STANDARD = "gnu++14";
				CLANG_CXX_LIBRARY = "libc++";
				CLANG_ENABLE_MODULES = YES;
				CLANG_ENABLE_OBJC_ARC = YES;
				CLANG_ENABLE_OBJC_WEAK = YES;
				CLANG_WARN_BLOCK_CAPTURE_AUTORELEASING = YES;
				CLANG_WARN_BOOL_CONVERSION = YES;
				CLANG_WARN_COMMA = YES;
				CLANG_WARN_CONSTANT_CONVERSION = YES;
				CLANG_WARN_DEPRECATED_OBJC_IMPLEMENTATIONS = YES;
				CLANG_WARN_DIRECT_OBJC_ISA_USAGE = YES_ERROR;
				CLANG_WARN_DOCUMENTATION_COMMENTS = YES;
				CLANG_WARN_EMPTY_BODY = YES;
				CLANG_WARN_ENUM_CONVERSION = YES;
				CLANG_WARN_INFINITE_RECURSION = YES;
				CLANG_WARN_INT_CONVERSION = YES;
				CLANG_WARN_NON_LITERAL_NULL_CONVERSION = YES;
				CLANG_WARN_OBJC_IMPLICIT_RETAIN_SELF = YES;
				CLANG_WARN_OBJC_LITERAL_CONVERSION = YES;
				CLANG_WARN_OBJC_ROOT_CLASS = YES_ERROR;
				CLANG_WARN_RANGE_LOOP_ANALYSIS = YES;
				CLANG_WARN_STRICT_PROTOTYPES = YES;
				CLANG_WARN_SUSPICIOUS_MOVE = YES;
				CLANG_WARN_UNGUARDED_AVAILABILITY = YES_AGGRESSIVE;
				CLANG_WARN_UNREACHABLE_CODE = YES;
				CLANG_WARN__DUPLICATE_METHOD_MATCH = YES;
				COPY_PHASE_STRIP = NO;
				DEBUG_INFORMATION_FORMAT = dwarf;
				ENABLE_STRICT_OBJC_MSGSEND = YES;
				ENABLE_TESTABILITY = YES;
				GCC_C_LANGUAGE_STANDARD = gnu11;
				GCC_DYNAMIC_NO_PIC = NO;
				GCC_NO_COMMON_BLOCKS = YES;
				GCC_OPTIMIZATION_LEVEL = 0;
				GCC_PREPROCESSOR_DEFINITIONS = (
					"DEBUG=1",
					"$(inherited)",
				);
				GCC_WARN_64_TO_32_BIT_CONVERSION = YES;
				GCC_WARN_ABOUT_RETURN_TYPE = YES_ERROR;
				GCC_WARN_UNDECLARED_SELECTOR = YES;
				GCC_WARN_UNINITIALIZED_AUTOS = YES_AGGRESSIVE;
				GCC_WARN_UNUSED_FUNCTION = YES;
				GCC_WARN_UNUSED_VARIABLE = YES;
				IPHONEOS_DEPLOYMENT_TARGET = 13.4;
				MTL_ENABLE_DEBUG_INFO = INCLUDE_SOURCE;
				MTL_FAST_MATH = YES;
				ONLY_ACTIVE_ARCH = YES;
				SDKROOT = iphoneos;
				SWIFT_ACTIVE_COMPILATION_CONDITIONS = DEBUG;
				SWIFT_OPTIMIZATION_LEVEL = "-Onone";
			};
			name = Debug;
		};
		062B324D2459EAFF00330FC6 /* Release */ = {
			isa = XCBuildConfiguration;
			buildSettings = {
				ALWAYS_SEARCH_USER_PATHS = NO;
				CLANG_ANALYZER_NONNULL = YES;
				CLANG_ANALYZER_NUMBER_OBJECT_CONVERSION = YES_AGGRESSIVE;
				CLANG_CXX_LANGUAGE_STANDARD = "gnu++14";
				CLANG_CXX_LIBRARY = "libc++";
				CLANG_ENABLE_MODULES = YES;
				CLANG_ENABLE_OBJC_ARC = YES;
				CLANG_ENABLE_OBJC_WEAK = YES;
				CLANG_WARN_BLOCK_CAPTURE_AUTORELEASING = YES;
				CLANG_WARN_BOOL_CONVERSION = YES;
				CLANG_WARN_COMMA = YES;
				CLANG_WARN_CONSTANT_CONVERSION = YES;
				CLANG_WARN_DEPRECATED_OBJC_IMPLEMENTATIONS = YES;
				CLANG_WARN_DIRECT_OBJC_ISA_USAGE = YES_ERROR;
				CLANG_WARN_DOCUMENTATION_COMMENTS = YES;
				CLANG_WARN_EMPTY_BODY = YES;
				CLANG_WARN_ENUM_CONVERSION = YES;
				CLANG_WARN_INFINITE_RECURSION = YES;
				CLANG_WARN_INT_CONVERSION = YES;
				CLANG_WARN_NON_LITERAL_NULL_CONVERSION = YES;
				CLANG_WARN_OBJC_IMPLICIT_RETAIN_SELF = YES;
				CLANG_WARN_OBJC_LITERAL_CONVERSION = YES;
				CLANG_WARN_OBJC_ROOT_CLASS = YES_ERROR;
				CLANG_WARN_RANGE_LOOP_ANALYSIS = YES;
				CLANG_WARN_STRICT_PROTOTYPES = YES;
				CLANG_WARN_SUSPICIOUS_MOVE = YES;
				CLANG_WARN_UNGUARDED_AVAILABILITY = YES_AGGRESSIVE;
				CLANG_WARN_UNREACHABLE_CODE = YES;
				CLANG_WARN__DUPLICATE_METHOD_MATCH = YES;
				COPY_PHASE_STRIP = NO;
				DEBUG_INFORMATION_FORMAT = "dwarf-with-dsym";
				ENABLE_NS_ASSERTIONS = NO;
				ENABLE_STRICT_OBJC_MSGSEND = YES;
				GCC_C_LANGUAGE_STANDARD = gnu11;
				GCC_NO_COMMON_BLOCKS = YES;
				GCC_WARN_64_TO_32_BIT_CONVERSION = YES;
				GCC_WARN_ABOUT_RETURN_TYPE = YES_ERROR;
				GCC_WARN_UNDECLARED_SELECTOR = YES;
				GCC_WARN_UNINITIALIZED_AUTOS = YES_AGGRESSIVE;
				GCC_WARN_UNUSED_FUNCTION = YES;
				GCC_WARN_UNUSED_VARIABLE = YES;
				IPHONEOS_DEPLOYMENT_TARGET = 13.4;
				MTL_ENABLE_DEBUG_INFO = NO;
				MTL_FAST_MATH = YES;
				SDKROOT = iphoneos;
				SWIFT_COMPILATION_MODE = wholemodule;
				SWIFT_OPTIMIZATION_LEVEL = "-O";
				VALIDATE_PRODUCT = YES;
			};
			name = Release;
		};
		062B324F2459EAFF00330FC6 /* Debug */ = {
			isa = XCBuildConfiguration;
			buildSettings = {
				ASSETCATALOG_COMPILER_APPICON_NAME = AppIcon;
				CODE_SIGN_STYLE = Automatic;
				DEVELOPMENT_TEAM = 52U947422P;
				INFOPLIST_FILE = ToDoApp/Info.plist;
				LD_RUNPATH_SEARCH_PATHS = (
					"$(inherited)",
					"@executable_path/Frameworks",
				);
				PRODUCT_BUNDLE_IDENTIFIER = harma.ToDoApp;
				PRODUCT_NAME = "$(TARGET_NAME)";
				SWIFT_VERSION = 5.0;
				TARGETED_DEVICE_FAMILY = "1,2";
			};
			name = Debug;
		};
		062B32502459EAFF00330FC6 /* Release */ = {
			isa = XCBuildConfiguration;
			buildSettings = {
				ASSETCATALOG_COMPILER_APPICON_NAME = AppIcon;
				CODE_SIGN_STYLE = Automatic;
				DEVELOPMENT_TEAM = 52U947422P;
				INFOPLIST_FILE = ToDoApp/Info.plist;
				LD_RUNPATH_SEARCH_PATHS = (
					"$(inherited)",
					"@executable_path/Frameworks",
				);
				PRODUCT_BUNDLE_IDENTIFIER = harma.ToDoApp;
				PRODUCT_NAME = "$(TARGET_NAME)";
				SWIFT_VERSION = 5.0;
				TARGETED_DEVICE_FAMILY = "1,2";
			};
			name = Release;
		};
		062B32522459EAFF00330FC6 /* Debug */ = {
			isa = XCBuildConfiguration;
			buildSettings = {
				ALWAYS_EMBED_SWIFT_STANDARD_LIBRARIES = YES;
				BUNDLE_LOADER = "$(TEST_HOST)";
				CODE_SIGN_STYLE = Automatic;
				DEVELOPMENT_TEAM = 52U947422P;
				INFOPLIST_FILE = ToDoAppTests/Info.plist;
				IPHONEOS_DEPLOYMENT_TARGET = 13.4;
				LD_RUNPATH_SEARCH_PATHS = (
					"$(inherited)",
					"@executable_path/Frameworks",
					"@loader_path/Frameworks",
				);
				PRODUCT_BUNDLE_IDENTIFIER = harma.ToDoAppTests;
				PRODUCT_NAME = "$(TARGET_NAME)";
				SWIFT_VERSION = 5.0;
				TARGETED_DEVICE_FAMILY = "1,2";
				TEST_HOST = "$(BUILT_PRODUCTS_DIR)/ToDoApp.app/ToDoApp";
			};
			name = Debug;
		};
		062B32532459EAFF00330FC6 /* Release */ = {
			isa = XCBuildConfiguration;
			buildSettings = {
				ALWAYS_EMBED_SWIFT_STANDARD_LIBRARIES = YES;
				BUNDLE_LOADER = "$(TEST_HOST)";
				CODE_SIGN_STYLE = Automatic;
				DEVELOPMENT_TEAM = 52U947422P;
				INFOPLIST_FILE = ToDoAppTests/Info.plist;
				IPHONEOS_DEPLOYMENT_TARGET = 13.4;
				LD_RUNPATH_SEARCH_PATHS = (
					"$(inherited)",
					"@executable_path/Frameworks",
					"@loader_path/Frameworks",
				);
				PRODUCT_BUNDLE_IDENTIFIER = harma.ToDoAppTests;
				PRODUCT_NAME = "$(TARGET_NAME)";
				SWIFT_VERSION = 5.0;
				TARGETED_DEVICE_FAMILY = "1,2";
				TEST_HOST = "$(BUILT_PRODUCTS_DIR)/ToDoApp.app/ToDoApp";
			};
			name = Release;
		};
		062B32552459EAFF00330FC6 /* Debug */ = {
			isa = XCBuildConfiguration;
			buildSettings = {
				ALWAYS_EMBED_SWIFT_STANDARD_LIBRARIES = YES;
				CODE_SIGN_STYLE = Automatic;
				DEVELOPMENT_TEAM = 52U947422P;
				INFOPLIST_FILE = ToDoAppUITests/Info.plist;
				LD_RUNPATH_SEARCH_PATHS = (
					"$(inherited)",
					"@executable_path/Frameworks",
					"@loader_path/Frameworks",
				);
				PRODUCT_BUNDLE_IDENTIFIER = harma.ToDoAppUITests;
				PRODUCT_NAME = "$(TARGET_NAME)";
				SWIFT_VERSION = 5.0;
				TARGETED_DEVICE_FAMILY = "1,2";
				TEST_TARGET_NAME = ToDoApp;
			};
			name = Debug;
		};
		062B32562459EAFF00330FC6 /* Release */ = {
			isa = XCBuildConfiguration;
			buildSettings = {
				ALWAYS_EMBED_SWIFT_STANDARD_LIBRARIES = YES;
				CODE_SIGN_STYLE = Automatic;
				DEVELOPMENT_TEAM = 52U947422P;
				INFOPLIST_FILE = ToDoAppUITests/Info.plist;
				LD_RUNPATH_SEARCH_PATHS = (
					"$(inherited)",
					"@executable_path/Frameworks",
					"@loader_path/Frameworks",
				);
				PRODUCT_BUNDLE_IDENTIFIER = harma.ToDoAppUITests;
				PRODUCT_NAME = "$(TARGET_NAME)";
				SWIFT_VERSION = 5.0;
				TARGETED_DEVICE_FAMILY = "1,2";
				TEST_TARGET_NAME = ToDoApp;
			};
			name = Release;
		};
/* End XCBuildConfiguration section */

/* Begin XCConfigurationList section */
		062B321F2459EAFE00330FC6 /* Build configuration list for PBXProject "ToDoApp" */ = {
			isa = XCConfigurationList;
			buildConfigurations = (
				062B324C2459EAFF00330FC6 /* Debug */,
				062B324D2459EAFF00330FC6 /* Release */,
			);
			defaultConfigurationIsVisible = 0;
			defaultConfigurationName = Release;
		};
		062B324E2459EAFF00330FC6 /* Build configuration list for PBXNativeTarget "ToDoApp" */ = {
			isa = XCConfigurationList;
			buildConfigurations = (
				062B324F2459EAFF00330FC6 /* Debug */,
				062B32502459EAFF00330FC6 /* Release */,
			);
			defaultConfigurationIsVisible = 0;
			defaultConfigurationName = Release;
		};
		062B32512459EAFF00330FC6 /* Build configuration list for PBXNativeTarget "ToDoAppTests" */ = {
			isa = XCConfigurationList;
			buildConfigurations = (
				062B32522459EAFF00330FC6 /* Debug */,
				062B32532459EAFF00330FC6 /* Release */,
			);
			defaultConfigurationIsVisible = 0;
			defaultConfigurationName = Release;
		};
		062B32542459EAFF00330FC6 /* Build configuration list for PBXNativeTarget "ToDoAppUITests" */ = {
			isa = XCConfigurationList;
			buildConfigurations = (
				062B32552459EAFF00330FC6 /* Debug */,
				062B32562459EAFF00330FC6 /* Release */,
			);
			defaultConfigurationIsVisible = 0;
			defaultConfigurationName = Release;
		};
/* End XCConfigurationList section */
	};
	rootObject = 062B321C2459EAFE00330FC6 /* Project object */;
}
